
Microsoft Visual Studio Solution File, Format Version 12.00
# Visual Studio Version 17
VisualStudioVersion = 17.5.33516.290
MinimumVisualStudioVersion = 10.0.40219.1
Project("{FAE04EC0-301F-11D3-BF4B-00C04F79EFBC}") = "Util", "Util\Util.csproj", "{AB0D5CA7-0870-4B51-A340-B1339BAAD2C0}"
EndProject
Project("{FAE04EC0-301F-11D3-BF4B-00C04F79EFBC}") = "ControlsUI", "CustomUI\ControlsUI.csproj", "{E1723C68-3E77-4657-B72A-A70340BF3B25}"
EndProject
Project("{FAE04EC0-301F-11D3-BF4B-00C04F79EFBC}") = "Keygen", "Keygen\Keygen.csproj", "{3D1C15C4-6503-45D5-BD39-9C9084AB95AE}"
EndProject
Project("{FAE04EC0-301F-11D3-BF4B-00C04F79EFBC}") = "LicenseGenerator", "LicenseGenerator\LicenseGenerator.csproj", "{0752E93D-4F54-4436-B3F1-CC65C7CB45AE}"
EndProject
Project("{FAE04EC0-301F-11D3-BF4B-00C04F79EFBC}") = "ControlsUIDemo", "ControlsUIDemo\ControlsUIDemo.csproj", "{7F43C86C-82E7-405A-96A6-5703D9B72EBE}"
EndProject
Project("{2150E333-8FDC-42A3-9474-1A3956D46DE8}") = "1. WebApi", "1. WebApi", "{19978886-CB0E-4FD7-BB38-E8EF74DA0F4F}"
EndProject
Project("{9A19103F-16F7-4668-BE54-9A1E7A4F7556}") = "Enigma.Api", "EnigmaLabs.Api\Enigma.Api.csproj", "{5D3C2BEF-2318-427A-B2B1-7AA16C8587B9}"
EndProject
Project("{2150E333-8FDC-42A3-9474-1A3956D46DE8}") = "2. Application", "2. Application", "{E089A448-067D-4FF8-B426-6B68124D6B22}"
EndProject
Project("{9A19103F-16F7-4668-BE54-9A1E7A4F7556}") = "Enigma.Services", "Enigma.Services\Enigma.Services.csproj", "{FAA5DE3B-CD32-4AAF-B092-51B29F21FBAD}"
EndProject
Project("{2150E333-8FDC-42A3-9474-1A3956D46DE8}") = "3. Infraestructure", "3. Infraestructure", "{949FC6E5-2D08-4908-BB8D-965347ABC8C9}"
EndProject
Project("{9A19103F-16F7-4668-BE54-9A1E7A4F7556}") = "Enigma.Repository", "Enigma.Repository\Enigma.Repository.csproj", "{307E5FEC-FDD9-404A-8921-058ECA61AF8F}"
EndProject
Project("{2150E333-8FDC-42A3-9474-1A3956D46DE8}") = "4. Domain", "4. Domain", "{8AEA2378-1C15-47FF-B3A8-862F5B6A7930}"
EndProject
Project("{9A19103F-16F7-4668-BE54-9A1E7A4F7556}") = "Enigma.Domain", "Enigma.Domain\Enigma.Domain.csproj", "{A00CD7A5-75BF-4681-BE8F-40F121FEBEFB}"
EndProject
Project("{9A19103F-16F7-4668-BE54-9A1E7A4F7556}") = "ConsoleTestNetCore", "ConsoleTestNetCore\ConsoleTestNetCore.csproj", "{CE6BFF7C-EC27-4CD7-92C0-9D36C18FD3BF}"
EndProject
Project("{2150E333-8FDC-42A3-9474-1A3956D46DE8}") = "0. WinClient", "0. WinClient", "{1EBFCCC1-151F-4D65-8CEB-3E350662E7A2}"
EndProject
Project("{FAE04EC0-301F-11D3-BF4B-00C04F79EFBC}") = "ApiClient", "ApiClient\ApiClient.csproj", "{008C2E3F-16B7-469E-B40F-318A342AC41E}"
EndProject
Global
	GlobalSection(SolutionConfigurationPlatforms) = preSolution
		Debug|Any CPU = Debug|Any CPU
		Debug|x64 = Debug|x64
		Debug|x86 = Debug|x86
		Release|Any CPU = Release|Any CPU
		Release|x64 = Release|x64
		Release|x86 = Release|x86
	EndGlobalSection
	GlobalSection(ProjectConfigurationPlatforms) = postSolution
		{AB0D5CA7-0870-4B51-A340-B1339BAAD2C0}.Debug|Any CPU.ActiveCfg = Debug|Any CPU
		{AB0D5CA7-0870-4B51-A340-B1339BAAD2C0}.Debug|Any CPU.Build.0 = Debug|Any CPU
		{AB0D5CA7-0870-4B51-A340-B1339BAAD2C0}.Debug|x64.ActiveCfg = Debug|Any CPU
		{AB0D5CA7-0870-4B51-A340-B1339BAAD2C0}.Debug|x64.Build.0 = Debug|Any CPU
		{AB0D5CA7-0870-4B51-A340-B1339BAAD2C0}.Debug|x86.ActiveCfg = Debug|Any CPU
		{AB0D5CA7-0870-4B51-A340-B1339BAAD2C0}.Debug|x86.Build.0 = Debug|Any CPU
		{AB0D5CA7-0870-4B51-A340-B1339BAAD2C0}.Release|Any CPU.ActiveCfg = Release|Any CPU
		{AB0D5CA7-0870-4B51-A340-B1339BAAD2C0}.Release|Any CPU.Build.0 = Release|Any CPU
		{AB0D5CA7-0870-4B51-A340-B1339BAAD2C0}.Release|x64.ActiveCfg = Release|Any CPU
		{AB0D5CA7-0870-4B51-A340-B1339BAAD2C0}.Release|x64.Build.0 = Release|Any CPU
		{AB0D5CA7-0870-4B51-A340-B1339BAAD2C0}.Release|x86.ActiveCfg = Release|Any CPU
		{AB0D5CA7-0870-4B51-A340-B1339BAAD2C0}.Release|x86.Build.0 = Release|Any CPU
		{E1723C68-3E77-4657-B72A-A70340BF3B25}.Debug|Any CPU.ActiveCfg = Debug|Any CPU
		{E1723C68-3E77-4657-B72A-A70340BF3B25}.Debug|Any CPU.Build.0 = Debug|Any CPU
		{E1723C68-3E77-4657-B72A-A70340BF3B25}.Debug|x64.ActiveCfg = Debug|Any CPU
		{E1723C68-3E77-4657-B72A-A70340BF3B25}.Debug|x64.Build.0 = Debug|Any CPU
		{E1723C68-3E77-4657-B72A-A70340BF3B25}.Debug|x86.ActiveCfg = Debug|Any CPU
		{E1723C68-3E77-4657-B72A-A70340BF3B25}.Debug|x86.Build.0 = Debug|Any CPU
		{E1723C68-3E77-4657-B72A-A70340BF3B25}.Release|Any CPU.ActiveCfg = Release|Any CPU
		{E1723C68-3E77-4657-B72A-A70340BF3B25}.Release|Any CPU.Build.0 = Release|Any CPU
		{E1723C68-3E77-4657-B72A-A70340BF3B25}.Release|x64.ActiveCfg = Release|Any CPU
		{E1723C68-3E77-4657-B72A-A70340BF3B25}.Release|x64.Build.0 = Release|Any CPU
		{E1723C68-3E77-4657-B72A-A70340BF3B25}.Release|x86.ActiveCfg = Release|Any CPU
		{E1723C68-3E77-4657-B72A-A70340BF3B25}.Release|x86.Build.0 = Release|Any CPU
		{3D1C15C4-6503-45D5-BD39-9C9084AB95AE}.Debug|Any CPU.ActiveCfg = Debug|Any CPU
		{3D1C15C4-6503-45D5-BD39-9C9084AB95AE}.Debug|Any CPU.Build.0 = Debug|Any CPU
		{3D1C15C4-6503-45D5-BD39-9C9084AB95AE}.Debug|x64.ActiveCfg = Debug|x64
		{3D1C15C4-6503-45D5-BD39-9C9084AB95AE}.Debug|x64.Build.0 = Debug|x64
		{3D1C15C4-6503-45D5-BD39-9C9084AB95AE}.Debug|x86.ActiveCfg = Debug|x86
		{3D1C15C4-6503-45D5-BD39-9C9084AB95AE}.Debug|x86.Build.0 = Debug|x86
		{3D1C15C4-6503-45D5-BD39-9C9084AB95AE}.Release|Any CPU.ActiveCfg = Release|Any CPU
		{3D1C15C4-6503-45D5-BD39-9C9084AB95AE}.Release|Any CPU.Build.0 = Release|Any CPU
		{3D1C15C4-6503-45D5-BD39-9C9084AB95AE}.Release|x64.ActiveCfg = Release|x64
		{3D1C15C4-6503-45D5-BD39-9C9084AB95AE}.Release|x64.Build.0 = Release|x64
		{3D1C15C4-6503-45D5-BD39-9C9084AB95AE}.Release|x86.ActiveCfg = Release|x86
		{3D1C15C4-6503-45D5-BD39-9C9084AB95AE}.Release|x86.Build.0 = Release|x86
		{0752E93D-4F54-4436-B3F1-CC65C7CB45AE}.Debug|Any CPU.ActiveCfg = Debug|Any CPU
		{0752E93D-4F54-4436-B3F1-CC65C7CB45AE}.Debug|Any CPU.Build.0 = Debug|Any CPU
		{0752E93D-4F54-4436-B3F1-CC65C7CB45AE}.Debug|x64.ActiveCfg = Debug|Any CPU
		{0752E93D-4F54-4436-B3F1-CC65C7CB45AE}.Debug|x64.Build.0 = Debug|Any CPU
		{0752E93D-4F54-4436-B3F1-CC65C7CB45AE}.Debug|x86.ActiveCfg = Debug|Any CPU
		{0752E93D-4F54-4436-B3F1-CC65C7CB45AE}.Debug|x86.Build.0 = Debug|Any CPU
		{0752E93D-4F54-4436-B3F1-CC65C7CB45AE}.Release|Any CPU.ActiveCfg = Release|Any CPU
		{0752E93D-4F54-4436-B3F1-CC65C7CB45AE}.Release|Any CPU.Build.0 = Release|Any CPU
		{0752E93D-4F54-4436-B3F1-CC65C7CB45AE}.Release|x64.ActiveCfg = Release|Any CPU
		{0752E93D-4F54-4436-B3F1-CC65C7CB45AE}.Release|x64.Build.0 = Release|Any CPU
		{0752E93D-4F54-4436-B3F1-CC65C7CB45AE}.Release|x86.ActiveCfg = Release|Any CPU
		{0752E93D-4F54-4436-B3F1-CC65C7CB45AE}.Release|x86.Build.0 = Release|Any CPU
		{7F43C86C-82E7-405A-96A6-5703D9B72EBE}.Debug|Any CPU.ActiveCfg = Debug|Any CPU
		{7F43C86C-82E7-405A-96A6-5703D9B72EBE}.Debug|Any CPU.Build.0 = Debug|Any CPU
		{7F43C86C-82E7-405A-96A6-5703D9B72EBE}.Debug|x64.ActiveCfg = Debug|Any CPU
		{7F43C86C-82E7-405A-96A6-5703D9B72EBE}.Debug|x64.Build.0 = Debug|Any CPU
		{7F43C86C-82E7-405A-96A6-5703D9B72EBE}.Debug|x86.ActiveCfg = Debug|Any CPU
		{7F43C86C-82E7-405A-96A6-5703D9B72EBE}.Debug|x86.Build.0 = Debug|Any CPU
		{7F43C86C-82E7-405A-96A6-5703D9B72EBE}.Release|Any CPU.ActiveCfg = Release|Any CPU
		{7F43C86C-82E7-405A-96A6-5703D9B72EBE}.Release|Any CPU.Build.0 = Release|Any CPU
		{7F43C86C-82E7-405A-96A6-5703D9B72EBE}.Release|x64.ActiveCfg = Release|Any CPU
		{7F43C86C-82E7-405A-96A6-5703D9B72EBE}.Release|x64.Build.0 = Release|Any CPU
		{7F43C86C-82E7-405A-96A6-5703D9B72EBE}.Release|x86.ActiveCfg = Release|Any CPU
		{7F43C86C-82E7-405A-96A6-5703D9B72EBE}.Release|x86.Build.0 = Release|Any CPU
		{5D3C2BEF-2318-427A-B2B1-7AA16C8587B9}.Debug|Any CPU.ActiveCfg = Debug|Any CPU
		{5D3C2BEF-2318-427A-B2B1-7AA16C8587B9}.Debug|Any CPU.Build.0 = Debug|Any CPU
		{5D3C2BEF-2318-427A-B2B1-7AA16C8587B9}.Debug|x64.ActiveCfg = Debug|Any CPU
		{5D3C2BEF-2318-427A-B2B1-7AA16C8587B9}.Debug|x64.Build.0 = Debug|Any CPU
		{5D3C2BEF-2318-427A-B2B1-7AA16C8587B9}.Debug|x86.ActiveCfg = Debug|Any CPU
		{5D3C2BEF-2318-427A-B2B1-7AA16C8587B9}.Debug|x86.Build.0 = Debug|Any CPU
		{5D3C2BEF-2318-427A-B2B1-7AA16C8587B9}.Release|Any CPU.ActiveCfg = Release|Any CPU
		{5D3C2BEF-2318-427A-B2B1-7AA16C8587B9}.Release|Any CPU.Build.0 = Release|Any CPU
		{5D3C2BEF-2318-427A-B2B1-7AA16C8587B9}.Release|x64.ActiveCfg = Release|Any CPU
		{5D3C2BEF-2318-427A-B2B1-7AA16C8587B9}.Release|x64.Build.0 = Release|Any CPU
		{5D3C2BEF-2318-427A-B2B1-7AA16C8587B9}.Release|x86.ActiveCfg = Release|Any CPU
		{5D3C2BEF-2318-427A-B2B1-7AA16C8587B9}.Release|x86.Build.0 = Release|Any CPU
		{FAA5DE3B-CD32-4AAF-B092-51B29F21FBAD}.Debug|Any CPU.ActiveCfg = Debug|Any CPU
		{FAA5DE3B-CD32-4AAF-B092-51B29F21FBAD}.Debug|Any CPU.Build.0 = Debug|Any CPU
		{FAA5DE3B-CD32-4AAF-B092-51B29F21FBAD}.Debug|x64.ActiveCfg = Debug|Any CPU
		{FAA5DE3B-CD32-4AAF-B092-51B29F21FBAD}.Debug|x64.Build.0 = Debug|Any CPU
		{FAA5DE3B-CD32-4AAF-B092-51B29F21FBAD}.Debug|x86.ActiveCfg = Debug|Any CPU
		{FAA5DE3B-CD32-4AAF-B092-51B29F21FBAD}.Debug|x86.Build.0 = Debug|Any CPU
		{FAA5DE3B-CD32-4AAF-B092-51B29F21FBAD}.Release|Any CPU.ActiveCfg = Release|Any CPU
		{FAA5DE3B-CD32-4AAF-B092-51B29F21FBAD}.Release|Any CPU.Build.0 = Release|Any CPU
		{FAA5DE3B-CD32-4AAF-B092-51B29F21FBAD}.Release|x64.ActiveCfg = Release|Any CPU
		{FAA5DE3B-CD32-4AAF-B092-51B29F21FBAD}.Release|x64.Build.0 = Release|Any CPU
		{FAA5DE3B-CD32-4AAF-B092-51B29F21FBAD}.Release|x86.ActiveCfg = Release|Any CPU
		{FAA5DE3B-CD32-4AAF-B092-51B29F21FBAD}.Release|x86.Build.0 = Release|Any CPU
		{307E5FEC-FDD9-404A-8921-058ECA61AF8F}.Debug|Any CPU.ActiveCfg = Debug|Any CPU
		{307E5FEC-FDD9-404A-8921-058ECA61AF8F}.Debug|Any CPU.Build.0 = Debug|Any CPU
		{307E5FEC-FDD9-404A-8921-058ECA61AF8F}.Debug|x64.ActiveCfg = Debug|Any CPU
		{307E5FEC-FDD9-404A-8921-058ECA61AF8F}.Debug|x64.Build.0 = Debug|Any CPU
		{307E5FEC-FDD9-404A-8921-058ECA61AF8F}.Debug|x86.ActiveCfg = Debug|Any CPU
		{307E5FEC-FDD9-404A-8921-058ECA61AF8F}.Debug|x86.Build.0 = Debug|Any CPU
		{307E5FEC-FDD9-404A-8921-058ECA61AF8F}.Release|Any CPU.ActiveCfg = Release|Any CPU
		{307E5FEC-FDD9-404A-8921-058ECA61AF8F}.Release|Any CPU.Build.0 = Release|Any CPU
		{307E5FEC-FDD9-404A-8921-058ECA61AF8F}.Release|x64.ActiveCfg = Release|Any CPU
		{307E5FEC-FDD9-404A-8921-058ECA61AF8F}.Release|x64.Build.0 = Release|Any CPU
		{307E5FEC-FDD9-404A-8921-058ECA61AF8F}.Release|x86.ActiveCfg = Release|Any CPU
		{307E5FEC-FDD9-404A-8921-058ECA61AF8F}.Release|x86.Build.0 = Release|Any CPU
		{A00CD7A5-75BF-4681-BE8F-40F121FEBEFB}.Debug|Any CPU.ActiveCfg = Debug|Any CPU
		{A00CD7A5-75BF-4681-BE8F-40F121FEBEFB}.Debug|Any CPU.Build.0 = Debug|Any CPU
		{A00CD7A5-75BF-4681-BE8F-40F121FEBEFB}.Debug|x64.ActiveCfg = Debug|Any CPU
		{A00CD7A5-75BF-4681-BE8F-40F121FEBEFB}.Debug|x64.Build.0 = Debug|Any CPU
		{A00CD7A5-75BF-4681-BE8F-40F121FEBEFB}.Debug|x86.ActiveCfg = Debug|Any CPU
		{A00CD7A5-75BF-4681-BE8F-40F121FEBEFB}.Debug|x86.Build.0 = Debug|Any CPU
		{A00CD7A5-75BF-4681-BE8F-40F121FEBEFB}.Release|Any CPU.ActiveCfg = Release|Any CPU
		{A00CD7A5-75BF-4681-BE8F-40F121FEBEFB}.Release|Any CPU.Build.0 = Release|Any CPU
		{A00CD7A5-75BF-4681-BE8F-40F121FEBEFB}.Release|x64.ActiveCfg = Release|Any CPU
		{A00CD7A5-75BF-4681-BE8F-40F121FEBEFB}.Release|x64.Build.0 = Release|Any CPU
		{A00CD7A5-75BF-4681-BE8F-40F121FEBEFB}.Release|x86.ActiveCfg = Release|Any CPU
		{A00CD7A5-75BF-4681-BE8F-40F121FEBEFB}.Release|x86.Build.0 = Release|Any CPU
		{CE6BFF7C-EC27-4CD7-92C0-9D36C18FD3BF}.Debug|Any CPU.ActiveCfg = Debug|Any CPU
		{CE6BFF7C-EC27-4CD7-92C0-9D36C18FD3BF}.Debug|Any CPU.Build.0 = Debug|Any CPU
		{CE6BFF7C-EC27-4CD7-92C0-9D36C18FD3BF}.Debug|x64.ActiveCfg = Debug|Any CPU
		{CE6BFF7C-EC27-4CD7-92C0-9D36C18FD3BF}.Debug|x64.Build.0 = Debug|Any CPU
		{CE6BFF7C-EC27-4CD7-92C0-9D36C18FD3BF}.Debug|x86.ActiveCfg = Debug|Any CPU
		{CE6BFF7C-EC27-4CD7-92C0-9D36C18FD3BF}.Debug|x86.Build.0 = Debug|Any CPU
		{CE6BFF7C-EC27-4CD7-92C0-9D36C18FD3BF}.Release|Any CPU.ActiveCfg = Release|Any CPU
		{CE6BFF7C-EC27-4CD7-92C0-9D36C18FD3BF}.Release|Any CPU.Build.0 = Release|Any CPU
		{CE6BFF7C-EC27-4CD7-92C0-9D36C18FD3BF}.Release|x64.ActiveCfg = Release|Any CPU
		{CE6BFF7C-EC27-4CD7-92C0-9D36C18FD3BF}.Release|x64.Build.0 = Release|Any CPU
		{CE6BFF7C-EC27-4CD7-92C0-9D36C18FD3BF}.Release|x86.ActiveCfg = Release|Any CPU
		{CE6BFF7C-EC27-4CD7-92C0-9D36C18FD3BF}.Release|x86.Build.0 = Release|Any CPU
		{008C2E3F-16B7-469E-B40F-318A342AC41E}.Debug|Any CPU.ActiveCfg = Debug|Any CPU
		{008C2E3F-16B7-469E-B40F-318A342AC41E}.Debug|Any CPU.Build.0 = Debug|Any CPU
		{008C2E3F-16B7-469E-B40F-318A342AC41E}.Debug|x64.ActiveCfg = Debug|Any CPU
		{008C2E3F-16B7-469E-B40F-318A342AC41E}.Debug|x64.Build.0 = Debug|Any CPU
		{008C2E3F-16B7-469E-B40F-318A342AC41E}.Debug|x86.ActiveCfg = Debug|Any CPU
		{008C2E3F-16B7-469E-B40F-318A342AC41E}.Debug|x86.Build.0 = Debug|Any CPU
		{008C2E3F-16B7-469E-B40F-318A342AC41E}.Release|Any CPU.ActiveCfg = Release|Any CPU
		{008C2E3F-16B7-469E-B40F-318A342AC41E}.Release|Any CPU.Build.0 = Release|Any CPU
		{008C2E3F-16B7-469E-B40F-318A342AC41E}.Release|x64.ActiveCfg = Release|Any CPU
		{008C2E3F-16B7-469E-B40F-318A342AC41E}.Release|x64.Build.0 = Release|Any CPU
		{008C2E3F-16B7-469E-B40F-318A342AC41E}.Release|x86.ActiveCfg = Release|Any CPU
		{008C2E3F-16B7-469E-B40F-318A342AC41E}.Release|x86.Build.0 = Release|Any CPU
	EndGlobalSection
	GlobalSection(SolutionProperties) = preSolution
		HideSolutionNode = FALSE
	EndGlobalSection
	GlobalSection(NestedProjects) = preSolution
		{E1723C68-3E77-4657-B72A-A70340BF3B25} = {1EBFCCC1-151F-4D65-8CEB-3E350662E7A2}
		{5D3C2BEF-2318-427A-B2B1-7AA16C8587B9} = {19978886-CB0E-4FD7-BB38-E8EF74DA0F4F}
		{FAA5DE3B-CD32-4AAF-B092-51B29F21FBAD} = {E089A448-067D-4FF8-B426-6B68124D6B22}
		{307E5FEC-FDD9-404A-8921-058ECA61AF8F} = {949FC6E5-2D08-4908-BB8D-965347ABC8C9}
		{A00CD7A5-75BF-4681-BE8F-40F121FEBEFB} = {8AEA2378-1C15-47FF-B3A8-862F5B6A7930}
		{008C2E3F-16B7-469E-B40F-318A342AC41E} = {1EBFCCC1-151F-4D65-8CEB-3E350662E7A2}
	EndGlobalSection
	GlobalSection(ExtensibilityGlobals) = postSolution
		SolutionGuid = {20C08236-71B2-4D83-A82B-525B3B12E2AE}
	EndGlobalSection
EndGlobal
